github.com/matrix-org/gomatrix v0.0.0-20220926102614-ceba4d9f7530 h1:kHKxCOLcHH8r4Fzarl4+Y3K5hjothkVW5z7T1dUM11U=
github.com/matrix-org/gomatrix v0.0.0-20220926102614-ceba4d9f7530/go.mod h1:/gBX06Kw0exX1HrwmoBibFA98yBk/jxKpGVeyQbff+s=
github.com/sapcc/go-bits v0.0.0-20240627095426-aeda20453e46 h1:J1w27slCHD6930DNEKDxAuVVw+LkaGXdbP2t/iywHuk=
github.com/sapcc/go-bits v0.0.0-20240627095426-aeda20453e46/go.mod h1:63pS3o1hPUuwxfyP9/uu0QT80Mkdnvk8eght8Ou7uSQ=
